
Microsoft Visual Studio Solution File, Format Version 12.00
# Visual Studio 14
VisualStudioVersion = 14.0.25420.1
MinimumVisualStudioVersion = 10.0.40219.1
Project("{FAE04EC0-301F-11D3-BF4B-00C04F79EFBC}") = "ConsoleApplication1", "ConsoleApplication1\ConsoleApplication1.csproj", "{BABC3868-7F43-4D8F-91F7-5DFA3C6DB8DC}"
EndProject
Global
	GlobalSection(SolutionConfigurationPlatforms) = preSolution
		Debug|Any CPU = Debug|Any CPU
		Release|Any CPU = Release|Any CPU
	EndGlobalSection
	GlobalSection(ProjectConfigurationPlatforms) = postSolution
		{BABC3868-7F43-4D8F-91F7-5DFA3C6DB8DC}.Debug|Any CPU.ActiveCfg = Debug|Any CPU
		{BABC3868-7F43-4D8F-91F7-5DFA3C6DB8DC}.Debug|Any CPU.Build.0 = Debug|Any CPU
		{BABC3868-7F43-4D8F-91F7-5DFA3C6DB8DC}.Release|Any CPU.ActiveCfg = Release|Any CPU
		{BABC3868-7F43-4D8F-91F7-5DFA3C6DB8DC}.Release|Any CPU.Build.0 = Release|Any CPU
	EndGlobalSection
	GlobalSection(SolutionProperties) = preSolution
		HideSolutionNode = FALSE
	EndGlobalSection
EndGlobal
